
Microsoft Visual Studio Solution File, Format Version 12.00
# Visual Studio Version 17
VisualStudioVersion = 17.7.34024.191
MinimumVisualStudioVersion = 10.0.40219.1
Project("{FAE04EC0-301F-11D3-BF4B-00C04F79EFBC}") = "calculatrice", "calculatrice\calculatrice.csproj", "{26FB6A2A-05F4-4E5B-9E92-3FBBB4E59770}"
EndProject
Global
	GlobalSection(SolutionConfigurationPlatforms) = preSolution
		Debug|Any CPU = Debug|Any CPU
		Release|Any CPU = Release|Any CPU
	EndGlobalSection
	GlobalSection(ProjectConfigurationPlatforms) = postSolution
		{26FB6A2A-05F4-4E5B-9E92-3FBBB4E59770}.Debug|Any CPU.ActiveCfg = Debug|Any CPU
		{26FB6A2A-05F4-4E5B-9E92-3FBBB4E59770}.Debug|Any CPU.Build.0 = Debug|Any CPU
		{26FB6A2A-05F4-4E5B-9E92-3FBBB4E59770}.Release|Any CPU.ActiveCfg = Release|Any CPU
		{26FB6A2A-05F4-4E5B-9E92-3FBBB4E59770}.Release|Any CPU.Build.0 = Release|Any CPU
	EndGlobalSection
	GlobalSection(SolutionProperties) = preSolution
		HideSolutionNode = FALSE
	EndGlobalSection
	GlobalSection(ExtensibilityGlobals) = postSolution
		SolutionGuid = {5BA8E43B-EFCB-4A72-8AC7-CC9456189C35}
	EndGlobalSection
EndGlobal
